
Microsoft Visual Studio Solution File, Format Version 12.00
# Visual Studio 2012
Project("{FAE04EC0-301F-11D3-BF4B-00C04F79EFBC}") = "TableViewPratice", "TableViewPratice\TableViewPratice.csproj", "{8829D558-1945-4DC1-8B83-DC060BF7BFCE}"
EndProject
Project("{FAE04EC0-301F-11D3-BF4B-00C04F79EFBC}") = "TableViewPratice.UITests", "TableViewPratice.UITests\TableViewPratice.UITests.csproj", "{C0B02E97-8BFB-4BE5-B717-DF391BF597E5}"
EndProject
Global
	GlobalSection(SolutionConfigurationPlatforms) = preSolution
		Debug|iPhoneSimulator = Debug|iPhoneSimulator
		Release|iPhone = Release|iPhone
		Release|iPhoneSimulator = Release|iPhoneSimulator
		Debug|iPhone = Debug|iPhone
		Debug|Any CPU = Debug|Any CPU
		Release|Any CPU = Release|Any CPU
	EndGlobalSection
	GlobalSection(ProjectConfigurationPlatforms) = postSolution
		{8829D558-1945-4DC1-8B83-DC060BF7BFCE}.Debug|iPhoneSimulator.ActiveCfg = Debug|iPhoneSimulator
		{8829D558-1945-4DC1-8B83-DC060BF7BFCE}.Debug|iPhoneSimulator.Build.0 = Debug|iPhoneSimulator
		{8829D558-1945-4DC1-8B83-DC060BF7BFCE}.Release|iPhone.ActiveCfg = Release|iPhone
		{8829D558-1945-4DC1-8B83-DC060BF7BFCE}.Release|iPhone.Build.0 = Release|iPhone
		{8829D558-1945-4DC1-8B83-DC060BF7BFCE}.Release|iPhoneSimulator.ActiveCfg = Release|iPhoneSimulator
		{8829D558-1945-4DC1-8B83-DC060BF7BFCE}.Release|iPhoneSimulator.Build.0 = Release|iPhoneSimulator
		{8829D558-1945-4DC1-8B83-DC060BF7BFCE}.Debug|iPhone.ActiveCfg = Debug|iPhone
		{8829D558-1945-4DC1-8B83-DC060BF7BFCE}.Debug|iPhone.Build.0 = Debug|iPhone
		{8829D558-1945-4DC1-8B83-DC060BF7BFCE}.Debug|Any CPU.ActiveCfg = Debug|iPhoneSimulator
		{8829D558-1945-4DC1-8B83-DC060BF7BFCE}.Debug|Any CPU.Build.0 = Debug|iPhoneSimulator
		{8829D558-1945-4DC1-8B83-DC060BF7BFCE}.Release|Any CPU.ActiveCfg = Release|iPhone
		{8829D558-1945-4DC1-8B83-DC060BF7BFCE}.Release|Any CPU.Build.0 = Release|iPhone
		{C0B02E97-8BFB-4BE5-B717-DF391BF597E5}.Debug|iPhoneSimulator.ActiveCfg = Debug|Any CPU
		{C0B02E97-8BFB-4BE5-B717-DF391BF597E5}.Debug|iPhoneSimulator.Build.0 = Debug|Any CPU
		{C0B02E97-8BFB-4BE5-B717-DF391BF597E5}.Release|iPhone.ActiveCfg = Release|Any CPU
		{C0B02E97-8BFB-4BE5-B717-DF391BF597E5}.Release|iPhone.Build.0 = Release|Any CPU
		{C0B02E97-8BFB-4BE5-B717-DF391BF597E5}.Release|iPhoneSimulator.ActiveCfg = Release|Any CPU
		{C0B02E97-8BFB-4BE5-B717-DF391BF597E5}.Release|iPhoneSimulator.Build.0 = Release|Any CPU
		{C0B02E97-8BFB-4BE5-B717-DF391BF597E5}.Debug|iPhone.ActiveCfg = Debug|Any CPU
		{C0B02E97-8BFB-4BE5-B717-DF391BF597E5}.Debug|iPhone.Build.0 = Debug|Any CPU
		{C0B02E97-8BFB-4BE5-B717-DF391BF597E5}.Debug|Any CPU.ActiveCfg = Debug|Any CPU
		{C0B02E97-8BFB-4BE5-B717-DF391BF597E5}.Debug|Any CPU.Build.0 = Debug|Any CPU
		{C0B02E97-8BFB-4BE5-B717-DF391BF597E5}.Release|Any CPU.ActiveCfg = Release|Any CPU
		{C0B02E97-8BFB-4BE5-B717-DF391BF597E5}.Release|Any CPU.Build.0 = Release|Any CPU
	EndGlobalSection
EndGlobal
