
Microsoft Visual Studio Solution File, Format Version 12.00
# Visual Studio 2012
Project("{FAE04EC0-301F-11D3-BF4B-00C04F79EFBC}") = "RaysHotDogs", "RaysHotDogs\RaysHotDogs.csproj", "{66579E4D-C4DB-4D57-8835-9B6CE60DD925}"
EndProject
Project("{FAE04EC0-301F-11D3-BF4B-00C04F79EFBC}") = "RaysHotDogs.core", "RaysHotDogs.core\RaysHotDogs.core.csproj", "{C9FA90BF-E6CC-49D4-8915-CDAE347F7214}"
EndProject
Project("{FAE04EC0-301F-11D3-BF4B-00C04F79EFBC}") = "IOSRaysHotDogs", "IOSRaysHotDogs\IOSRaysHotDogs.csproj", "{F0178725-F3CC-4410-A7AD-73889F573324}"
EndProject
Project("{FAE04EC0-301F-11D3-BF4B-00C04F79EFBC}") = "IOSRaysHotDogs.UITests", "IOSRaysHotDogs.UITests\IOSRaysHotDogs.UITests.csproj", "{BA8E8AC2-EB84-4C04-B0B0-FC56648DF4F4}"
EndProject
Global
	GlobalSection(SolutionConfigurationPlatforms) = preSolution
		Debug|x86 = Debug|x86
		Release|x86 = Release|x86
		Debug|iPhoneSimulator = Debug|iPhoneSimulator
		Release|iPhone = Release|iPhone
		Release|iPhoneSimulator = Release|iPhoneSimulator
		Debug|iPhone = Debug|iPhone
	EndGlobalSection
	GlobalSection(ProjectConfigurationPlatforms) = postSolution
		{66579E4D-C4DB-4D57-8835-9B6CE60DD925}.Debug|x86.ActiveCfg = Debug|x86
		{66579E4D-C4DB-4D57-8835-9B6CE60DD925}.Debug|x86.Build.0 = Debug|x86
		{66579E4D-C4DB-4D57-8835-9B6CE60DD925}.Release|x86.ActiveCfg = Release|x86
		{66579E4D-C4DB-4D57-8835-9B6CE60DD925}.Release|x86.Build.0 = Release|x86
		{66579E4D-C4DB-4D57-8835-9B6CE60DD925}.Debug|iPhoneSimulator.ActiveCfg = Debug|x86
		{66579E4D-C4DB-4D57-8835-9B6CE60DD925}.Debug|iPhoneSimulator.Build.0 = Debug|x86
		{66579E4D-C4DB-4D57-8835-9B6CE60DD925}.Release|iPhone.ActiveCfg = Release|x86
		{66579E4D-C4DB-4D57-8835-9B6CE60DD925}.Release|iPhone.Build.0 = Release|x86
		{66579E4D-C4DB-4D57-8835-9B6CE60DD925}.Release|iPhoneSimulator.ActiveCfg = Release|x86
		{66579E4D-C4DB-4D57-8835-9B6CE60DD925}.Release|iPhoneSimulator.Build.0 = Release|x86
		{66579E4D-C4DB-4D57-8835-9B6CE60DD925}.Debug|iPhone.ActiveCfg = Debug|x86
		{66579E4D-C4DB-4D57-8835-9B6CE60DD925}.Debug|iPhone.Build.0 = Debug|x86
		{C9FA90BF-E6CC-49D4-8915-CDAE347F7214}.Debug|x86.ActiveCfg = Debug|Any CPU
		{C9FA90BF-E6CC-49D4-8915-CDAE347F7214}.Debug|x86.Build.0 = Debug|Any CPU
		{C9FA90BF-E6CC-49D4-8915-CDAE347F7214}.Release|x86.ActiveCfg = Release|Any CPU
		{C9FA90BF-E6CC-49D4-8915-CDAE347F7214}.Release|x86.Build.0 = Release|Any CPU
		{C9FA90BF-E6CC-49D4-8915-CDAE347F7214}.Debug|iPhoneSimulator.ActiveCfg = Debug|Any CPU
		{C9FA90BF-E6CC-49D4-8915-CDAE347F7214}.Debug|iPhoneSimulator.Build.0 = Debug|Any CPU
		{C9FA90BF-E6CC-49D4-8915-CDAE347F7214}.Release|iPhone.ActiveCfg = Release|Any CPU
		{C9FA90BF-E6CC-49D4-8915-CDAE347F7214}.Release|iPhone.Build.0 = Release|Any CPU
		{C9FA90BF-E6CC-49D4-8915-CDAE347F7214}.Release|iPhoneSimulator.ActiveCfg = Release|Any CPU
		{C9FA90BF-E6CC-49D4-8915-CDAE347F7214}.Release|iPhoneSimulator.Build.0 = Release|Any CPU
		{C9FA90BF-E6CC-49D4-8915-CDAE347F7214}.Debug|iPhone.ActiveCfg = Debug|Any CPU
		{C9FA90BF-E6CC-49D4-8915-CDAE347F7214}.Debug|iPhone.Build.0 = Debug|Any CPU
		{F0178725-F3CC-4410-A7AD-73889F573324}.Debug|x86.ActiveCfg = Debug|iPhoneSimulator
		{F0178725-F3CC-4410-A7AD-73889F573324}.Debug|x86.Build.0 = Debug|iPhoneSimulator
		{F0178725-F3CC-4410-A7AD-73889F573324}.Release|x86.ActiveCfg = Release|iPhone
		{F0178725-F3CC-4410-A7AD-73889F573324}.Release|x86.Build.0 = Release|iPhone
		{F0178725-F3CC-4410-A7AD-73889F573324}.Debug|iPhoneSimulator.ActiveCfg = Debug|iPhoneSimulator
		{F0178725-F3CC-4410-A7AD-73889F573324}.Debug|iPhoneSimulator.Build.0 = Debug|iPhoneSimulator
		{F0178725-F3CC-4410-A7AD-73889F573324}.Release|iPhone.ActiveCfg = Release|iPhone
		{F0178725-F3CC-4410-A7AD-73889F573324}.Release|iPhone.Build.0 = Release|iPhone
		{F0178725-F3CC-4410-A7AD-73889F573324}.Release|iPhoneSimulator.ActiveCfg = Release|iPhoneSimulator
		{F0178725-F3CC-4410-A7AD-73889F573324}.Release|iPhoneSimulator.Build.0 = Release|iPhoneSimulator
		{F0178725-F3CC-4410-A7AD-73889F573324}.Debug|iPhone.ActiveCfg = Debug|iPhone
		{F0178725-F3CC-4410-A7AD-73889F573324}.Debug|iPhone.Build.0 = Debug|iPhone
		{BA8E8AC2-EB84-4C04-B0B0-FC56648DF4F4}.Debug|x86.ActiveCfg = Debug|Any CPU
		{BA8E8AC2-EB84-4C04-B0B0-FC56648DF4F4}.Debug|x86.Build.0 = Debug|Any CPU
		{BA8E8AC2-EB84-4C04-B0B0-FC56648DF4F4}.Release|x86.ActiveCfg = Release|Any CPU
		{BA8E8AC2-EB84-4C04-B0B0-FC56648DF4F4}.Release|x86.Build.0 = Release|Any CPU
		{BA8E8AC2-EB84-4C04-B0B0-FC56648DF4F4}.Debug|iPhoneSimulator.ActiveCfg = Debug|Any CPU
		{BA8E8AC2-EB84-4C04-B0B0-FC56648DF4F4}.Debug|iPhoneSimulator.Build.0 = Debug|Any CPU
		{BA8E8AC2-EB84-4C04-B0B0-FC56648DF4F4}.Release|iPhone.ActiveCfg = Release|Any CPU
		{BA8E8AC2-EB84-4C04-B0B0-FC56648DF4F4}.Release|iPhone.Build.0 = Release|Any CPU
		{BA8E8AC2-EB84-4C04-B0B0-FC56648DF4F4}.Release|iPhoneSimulator.ActiveCfg = Release|Any CPU
		{BA8E8AC2-EB84-4C04-B0B0-FC56648DF4F4}.Release|iPhoneSimulator.Build.0 = Release|Any CPU
		{BA8E8AC2-EB84-4C04-B0B0-FC56648DF4F4}.Debug|iPhone.ActiveCfg = Debug|Any CPU
		{BA8E8AC2-EB84-4C04-B0B0-FC56648DF4F4}.Debug|iPhone.Build.0 = Debug|Any CPU
	EndGlobalSection
EndGlobal
